
Microsoft Visual Studio Solution File, Format Version 12.00
# Visual Studio Version 17
VisualStudioVersion = 17.0.31919.166
MinimumVisualStudioVersion = 10.0.40219.1
Project("{FAE04EC0-301F-11D3-BF4B-00C04F79EFBC}") = "InternshipTask", "InternshipTask\InternshipTask.csproj", "{B3FC6A54-B091-4B6B-9065-FD269E29AF13}"
EndProject
Global
	GlobalSection(SolutionConfigurationPlatforms) = preSolution
		Debug|Any CPU = Debug|Any CPU
		Release|Any CPU = Release|Any CPU
	EndGlobalSection
	GlobalSection(ProjectConfigurationPlatforms) = postSolution
		{B3FC6A54-B091-4B6B-9065-FD269E29AF13}.Debug|Any CPU.ActiveCfg = Debug|Any CPU
		{B3FC6A54-B091-4B6B-9065-FD269E29AF13}.Debug|Any CPU.Build.0 = Debug|Any CPU
		{B3FC6A54-B091-4B6B-9065-FD269E29AF13}.Release|Any CPU.ActiveCfg = Release|Any CPU
		{B3FC6A54-B091-4B6B-9065-FD269E29AF13}.Release|Any CPU.Build.0 = Release|Any CPU
	EndGlobalSection
	GlobalSection(SolutionProperties) = preSolution
		HideSolutionNode = FALSE
	EndGlobalSection
	GlobalSection(ExtensibilityGlobals) = postSolution
		SolutionGuid = {D65F30E6-09CA-4C42-AC98-1CF41E0B6524}
	EndGlobalSection
EndGlobal
